
Microsoft Visual Studio Solution File, Format Version 12.00
# Visual Studio 15
VisualStudioVersion = 15.0.28307.168
MinimumVisualStudioVersion = 10.0.40219.1
Project("{2150E333-8FDC-42A3-9474-1A3956D46DE8}") = "01.SingleResponsibilityPrinciple", "01.SingleResponsibilityPrinciple", "{4B0B2507-D100-4E38-9689-D5102BB48B7D}"
EndProject
Project("{2150E333-8FDC-42A3-9474-1A3956D46DE8}") = "02.OpenClosePrinciple", "02.OpenClosePrinciple", "{B6BC5F15-AF43-4BBA-9895-BB4D0FFE762A}"
EndProject
Project("{2150E333-8FDC-42A3-9474-1A3956D46DE8}") = "03.LiskovSubstitutionPrinciple", "03.LiskovSubstitutionPrinciple", "{A7DE4C4B-F19D-4161-9521-47FBAC53FC22}"
EndProject
Project("{2150E333-8FDC-42A3-9474-1A3956D46DE8}") = "04.InterfaceSegregationPrinciple", "04.InterfaceSegregationPrinciple", "{110B98CC-56E8-4DC8-BA54-9B0B14364296}"
EndProject
Project("{2150E333-8FDC-42A3-9474-1A3956D46DE8}") = "05.DependancyInversionPrinciple", "05.DependancyInversionPrinciple", "{D09624EF-FF72-4C96-BDA5-7C79EC25AD68}"
EndProject
Project("{FAE04EC0-301F-11D3-BF4B-00C04F79EFBC}") = "01. After - Drawing Shape", "01.After - Drawing Shape\01. After - Drawing Shape.csproj", "{A98A70E2-6C89-4B00-9686-AE6510FA578B}"
EndProject
Project("{FAE04EC0-301F-11D3-BF4B-00C04F79EFBC}") = "01. Before - Drawing Shape", "01. Before - Drawing Shape\01. Before - Drawing Shape.csproj", "{BC6D9259-AF4B-4E84-AEAE-D657A529DC1F}"
EndProject
Project("{FAE04EC0-301F-11D3-BF4B-00C04F79EFBC}") = "02. Before - Books", "02. Before - Books\02. Before - Books.csproj", "{7947000F-DEC9-41F6-9543-99B6D69E1CDF}"
EndProject
Project("{FAE04EC0-301F-11D3-BF4B-00C04F79EFBC}") = "02. After - Books", "02. After - Books\02. After - Books.csproj", "{F6AB7467-1605-4DA7-8959-E877B44FD02D}"
EndProject
Project("{FAE04EC0-301F-11D3-BF4B-00C04F79EFBC}") = "test", "test\test.csproj", "{053E3AE7-5C5B-427F-8990-2CD5648501F8}"
EndProject
Global
	GlobalSection(SolutionConfigurationPlatforms) = preSolution
		Debug|Any CPU = Debug|Any CPU
		Release|Any CPU = Release|Any CPU
	EndGlobalSection
	GlobalSection(ProjectConfigurationPlatforms) = postSolution
		{A98A70E2-6C89-4B00-9686-AE6510FA578B}.Debug|Any CPU.ActiveCfg = Debug|Any CPU
		{A98A70E2-6C89-4B00-9686-AE6510FA578B}.Debug|Any CPU.Build.0 = Debug|Any CPU
		{A98A70E2-6C89-4B00-9686-AE6510FA578B}.Release|Any CPU.ActiveCfg = Release|Any CPU
		{A98A70E2-6C89-4B00-9686-AE6510FA578B}.Release|Any CPU.Build.0 = Release|Any CPU
		{BC6D9259-AF4B-4E84-AEAE-D657A529DC1F}.Debug|Any CPU.ActiveCfg = Debug|Any CPU
		{BC6D9259-AF4B-4E84-AEAE-D657A529DC1F}.Debug|Any CPU.Build.0 = Debug|Any CPU
		{BC6D9259-AF4B-4E84-AEAE-D657A529DC1F}.Release|Any CPU.ActiveCfg = Release|Any CPU
		{BC6D9259-AF4B-4E84-AEAE-D657A529DC1F}.Release|Any CPU.Build.0 = Release|Any CPU
		{7947000F-DEC9-41F6-9543-99B6D69E1CDF}.Debug|Any CPU.ActiveCfg = Debug|Any CPU
		{7947000F-DEC9-41F6-9543-99B6D69E1CDF}.Debug|Any CPU.Build.0 = Debug|Any CPU
		{7947000F-DEC9-41F6-9543-99B6D69E1CDF}.Release|Any CPU.ActiveCfg = Release|Any CPU
		{7947000F-DEC9-41F6-9543-99B6D69E1CDF}.Release|Any CPU.Build.0 = Release|Any CPU
		{F6AB7467-1605-4DA7-8959-E877B44FD02D}.Debug|Any CPU.ActiveCfg = Debug|Any CPU
		{F6AB7467-1605-4DA7-8959-E877B44FD02D}.Debug|Any CPU.Build.0 = Debug|Any CPU
		{F6AB7467-1605-4DA7-8959-E877B44FD02D}.Release|Any CPU.ActiveCfg = Release|Any CPU
		{F6AB7467-1605-4DA7-8959-E877B44FD02D}.Release|Any CPU.Build.0 = Release|Any CPU
		{053E3AE7-5C5B-427F-8990-2CD5648501F8}.Debug|Any CPU.ActiveCfg = Debug|Any CPU
		{053E3AE7-5C5B-427F-8990-2CD5648501F8}.Debug|Any CPU.Build.0 = Debug|Any CPU
		{053E3AE7-5C5B-427F-8990-2CD5648501F8}.Release|Any CPU.ActiveCfg = Release|Any CPU
		{053E3AE7-5C5B-427F-8990-2CD5648501F8}.Release|Any CPU.Build.0 = Release|Any CPU
	EndGlobalSection
	GlobalSection(SolutionProperties) = preSolution
		HideSolutionNode = FALSE
	EndGlobalSection
	GlobalSection(NestedProjects) = preSolution
		{A98A70E2-6C89-4B00-9686-AE6510FA578B} = {4B0B2507-D100-4E38-9689-D5102BB48B7D}
		{BC6D9259-AF4B-4E84-AEAE-D657A529DC1F} = {4B0B2507-D100-4E38-9689-D5102BB48B7D}
		{7947000F-DEC9-41F6-9543-99B6D69E1CDF} = {4B0B2507-D100-4E38-9689-D5102BB48B7D}
		{F6AB7467-1605-4DA7-8959-E877B44FD02D} = {4B0B2507-D100-4E38-9689-D5102BB48B7D}
		{053E3AE7-5C5B-427F-8990-2CD5648501F8} = {B6BC5F15-AF43-4BBA-9895-BB4D0FFE762A}
	EndGlobalSection
	GlobalSection(ExtensibilityGlobals) = postSolution
		SolutionGuid = {4218E47D-0231-4E1A-9472-E1FCC2692C1D}
	EndGlobalSection
EndGlobal
