
Microsoft Visual Studio Solution File, Format Version 12.00
# Visual Studio 15
VisualStudioVersion = 15.0.28307.168
MinimumVisualStudioVersion = 10.0.40219.1
Project("{2150E333-8FDC-42A3-9474-1A3956D46DE8}") = "01.SingleResponsibilityPrinciple", "01.SingleResponsibilityPrinciple", "{4B0B2507-D100-4E38-9689-D5102BB48B7D}"
EndProject
Project("{2150E333-8FDC-42A3-9474-1A3956D46DE8}") = "02.OpenClosePrinciple", "02.OpenClosePrinciple", "{B6BC5F15-AF43-4BBA-9895-BB4D0FFE762A}"
EndProject
Project("{2150E333-8FDC-42A3-9474-1A3956D46DE8}") = "03.LiskovSubstitutionPrinciple", "03.LiskovSubstitutionPrinciple", "{A7DE4C4B-F19D-4161-9521-47FBAC53FC22}"
EndProject
Project("{2150E333-8FDC-42A3-9474-1A3956D46DE8}") = "04.InterfaceSegregationPrinciple", "04.InterfaceSegregationPrinciple", "{110B98CC-56E8-4DC8-BA54-9B0B14364296}"
EndProject
Project("{2150E333-8FDC-42A3-9474-1A3956D46DE8}") = "05.DependancyInversionPrinciple", "05.DependancyInversionPrinciple", "{D09624EF-FF72-4C96-BDA5-7C79EC25AD68}"
EndProject
Project("{9A19103F-16F7-4668-BE54-9A1E7A4F7556}") = "01. After - Drawing Shape (SRP)", "01. After - Drawing Shape (SRP)\01. After - Drawing Shape (SRP).csproj", "{44D4C702-D10D-4D6B-865B-45FA434244D0}"
EndProject
Project("{9A19103F-16F7-4668-BE54-9A1E7A4F7556}") = "01. Before - Drawing Shape (SRP)", "01. Before - Drawing Shape (SRP)\01. Before - Drawing Shape (SRP).csproj", "{68281388-5192-4154-8EC3-7FC343C04C6D}"
EndProject
Project("{9A19103F-16F7-4668-BE54-9A1E7A4F7556}") = "02. After - Books (SRP)", "02. After - Books (SRP)\02. After - Books (SRP).csproj", "{8A337E81-FEA7-424C-819D-B2B69BEA043D}"
EndProject
Project("{9A19103F-16F7-4668-BE54-9A1E7A4F7556}") = "02. Before - Books (SRP)", "02. Before - Books (SRP)\02. Before - Books (SRP).csproj", "{95D962E1-3495-4B9F-9816-8E135AC6EE0E}"
EndProject
Project("{9A19103F-16F7-4668-BE54-9A1E7A4F7556}") = "01. After - File Stream (OCP)", "01. After - File Stream (OCP)\01. After - File Stream (OCP).csproj", "{BF0107F7-65AD-44A5-9CCB-F5FEFAD05319}"
EndProject
Project("{9A19103F-16F7-4668-BE54-9A1E7A4F7556}") = "01. Before - File Stream (OCP)", "01. Before - File Stream (OCP)\01. Before - File Stream (OCP).csproj", "{0DB9857D-5AAA-419A-ACE8-F442BE8E1D52}"
EndProject
Project("{9A19103F-16F7-4668-BE54-9A1E7A4F7556}") = "02. After - Drawing Shapes (OCP)", "02. After - Drawing Shapes (OCP)\02. After - Drawing Shapes (OCP).csproj", "{8DEFFE09-0027-4670-AB29-64A99149FF30}"
EndProject
Project("{9A19103F-16F7-4668-BE54-9A1E7A4F7556}") = "02. Before - Drawing Shapes (OCP)", "02. Before - Drawing Shapes (OCP)\02. Before - Drawing Shapes (OCP).csproj", "{F5D18D49-EBB1-4793-B677-79B345F118A5}"
EndProject
Project("{9A19103F-16F7-4668-BE54-9A1E7A4F7556}") = "03. Before - Shopping Cart (OCP)", "03. Before - Shopping Cart (OCP)\03. Before - Shopping Cart (OCP).csproj", "{5380EC50-F21A-4608-A84D-8A8A887822CC}"
EndProject
Project("{9A19103F-16F7-4668-BE54-9A1E7A4F7556}") = "03. After - Shopping Cart (OCP)", "03. After - Shopping Cart (OCP)\03. After - Shopping Cart (OCP).csproj", "{F72B3EF2-B845-47A7-A2AA-41A89A728FAD}"
EndProject
Project("{9A19103F-16F7-4668-BE54-9A1E7A4F7556}") = "01. Before - Square (LSP)", "01. Before - Square (LSP)\01. Before - Square (LSP).csproj", "{BE6B2C8A-9989-462B-8E89-4FBC6BA83162}"
EndProject
Project("{9A19103F-16F7-4668-BE54-9A1E7A4F7556}") = "01. After - Square (LSP)", "01. After - Square (LSP)\01. After - Square (LSP).csproj", "{0579FF26-8DAC-4581-B538-084C9A8F43F7}"
EndProject
Project("{9A19103F-16F7-4668-BE54-9A1E7A4F7556}") = "02. Before - Employees (LSP)", "02. Before - Employees (LSP)\02. Before - Employees (LSP).csproj", "{886D6D3A-759F-4119-A961-6E7141AD61D2}"
EndProject
Project("{9A19103F-16F7-4668-BE54-9A1E7A4F7556}") = "02. After - Employees (LSP)", "02. After - Employees (LSP)\02. After - Employees (LSP).csproj", "{29871DA2-F1D2-4517-91AA-346EE8734ED3}"
EndProject
Project("{9A19103F-16F7-4668-BE54-9A1E7A4F7556}") = "03. Before - Movement (LSP)", "03. Before - Movement (LSP)\03. Before - Movement (LSP).csproj", "{6A968188-4A00-486E-B186-A6A9C1BDB0F8}"
EndProject
Project("{9A19103F-16F7-4668-BE54-9A1E7A4F7556}") = "03. After - Movement (LSP)", "03. After - Movement (LSP)\03. After - Movement (LSP).csproj", "{AE8A72ED-1600-4BA6-8791-6C4690C8DDE4}"
EndProject
Project("{9A19103F-16F7-4668-BE54-9A1E7A4F7556}") = "VirtualCallInConstructor", "VirtualCallInConstructor\VirtualCallInConstructor.csproj", "{0D8BEFCE-8BE0-4BE0-A723-44F4A07EA74C}"
EndProject
Project("{9A19103F-16F7-4668-BE54-9A1E7A4F7556}") = "01. Worker - Before (ISP)", "01. Worker - Before (ISP)\01. Worker - Before (ISP).csproj", "{A0B98727-742F-4EEA-89D5-F9DDF97A94FB}"
EndProject
Project("{9A19103F-16F7-4668-BE54-9A1E7A4F7556}") = "01. Worker - After (ISP)", "01. Worker - After (ISP)\01. Worker - After (ISP).csproj", "{D7557444-D1AD-4017-9D2E-10876A6356F1}"
EndProject
Project("{9A19103F-16F7-4668-BE54-9A1E7A4F7556}") = "02. Identity - Before (ISP)", "02. Identity - Before (ISP)\02. Identity - Before (ISP).csproj", "{65BA25A2-F3B6-4F49-A1B3-96AEB22A167E}"
EndProject
Project("{9A19103F-16F7-4668-BE54-9A1E7A4F7556}") = "02. Identity - After (ISP)", "02. Identity - After (ISP)\02. Identity - After (ISP).csproj", "{71535963-3BFF-4F28-BB1D-030B9BA11BF5}"
EndProject
Project("{FAE04EC0-301F-11D3-BF4B-00C04F79EFBC}") = "01. Hello World - Before (DIP)", "01. Hello World - Before (DIP)\01. Hello World - Before (DIP).csproj", "{F59A2F97-8674-4DD4-B509-73AD37910F06}"
EndProject
Project("{FAE04EC0-301F-11D3-BF4B-00C04F79EFBC}") = "01. Hello World - After (DIP)", "01. Hello World - After (DIP)\01. Hello World - After (DIP).csproj", "{5EB4836F-2A2E-4274-8640-DA6B234DF43E}"
EndProject
Global
	GlobalSection(SolutionConfigurationPlatforms) = preSolution
		Debug|Any CPU = Debug|Any CPU
		Release|Any CPU = Release|Any CPU
	EndGlobalSection
	GlobalSection(ProjectConfigurationPlatforms) = postSolution
		{44D4C702-D10D-4D6B-865B-45FA434244D0}.Debug|Any CPU.ActiveCfg = Debug|Any CPU
		{44D4C702-D10D-4D6B-865B-45FA434244D0}.Debug|Any CPU.Build.0 = Debug|Any CPU
		{44D4C702-D10D-4D6B-865B-45FA434244D0}.Release|Any CPU.ActiveCfg = Release|Any CPU
		{44D4C702-D10D-4D6B-865B-45FA434244D0}.Release|Any CPU.Build.0 = Release|Any CPU
		{68281388-5192-4154-8EC3-7FC343C04C6D}.Debug|Any CPU.ActiveCfg = Debug|Any CPU
		{68281388-5192-4154-8EC3-7FC343C04C6D}.Debug|Any CPU.Build.0 = Debug|Any CPU
		{68281388-5192-4154-8EC3-7FC343C04C6D}.Release|Any CPU.ActiveCfg = Release|Any CPU
		{68281388-5192-4154-8EC3-7FC343C04C6D}.Release|Any CPU.Build.0 = Release|Any CPU
		{8A337E81-FEA7-424C-819D-B2B69BEA043D}.Debug|Any CPU.ActiveCfg = Debug|Any CPU
		{8A337E81-FEA7-424C-819D-B2B69BEA043D}.Debug|Any CPU.Build.0 = Debug|Any CPU
		{8A337E81-FEA7-424C-819D-B2B69BEA043D}.Release|Any CPU.ActiveCfg = Release|Any CPU
		{8A337E81-FEA7-424C-819D-B2B69BEA043D}.Release|Any CPU.Build.0 = Release|Any CPU
		{95D962E1-3495-4B9F-9816-8E135AC6EE0E}.Debug|Any CPU.ActiveCfg = Debug|Any CPU
		{95D962E1-3495-4B9F-9816-8E135AC6EE0E}.Debug|Any CPU.Build.0 = Debug|Any CPU
		{95D962E1-3495-4B9F-9816-8E135AC6EE0E}.Release|Any CPU.ActiveCfg = Release|Any CPU
		{95D962E1-3495-4B9F-9816-8E135AC6EE0E}.Release|Any CPU.Build.0 = Release|Any CPU
		{BF0107F7-65AD-44A5-9CCB-F5FEFAD05319}.Debug|Any CPU.ActiveCfg = Debug|Any CPU
		{BF0107F7-65AD-44A5-9CCB-F5FEFAD05319}.Debug|Any CPU.Build.0 = Debug|Any CPU
		{BF0107F7-65AD-44A5-9CCB-F5FEFAD05319}.Release|Any CPU.ActiveCfg = Release|Any CPU
		{BF0107F7-65AD-44A5-9CCB-F5FEFAD05319}.Release|Any CPU.Build.0 = Release|Any CPU
		{0DB9857D-5AAA-419A-ACE8-F442BE8E1D52}.Debug|Any CPU.ActiveCfg = Debug|Any CPU
		{0DB9857D-5AAA-419A-ACE8-F442BE8E1D52}.Debug|Any CPU.Build.0 = Debug|Any CPU
		{0DB9857D-5AAA-419A-ACE8-F442BE8E1D52}.Release|Any CPU.ActiveCfg = Release|Any CPU
		{0DB9857D-5AAA-419A-ACE8-F442BE8E1D52}.Release|Any CPU.Build.0 = Release|Any CPU
		{8DEFFE09-0027-4670-AB29-64A99149FF30}.Debug|Any CPU.ActiveCfg = Debug|Any CPU
		{8DEFFE09-0027-4670-AB29-64A99149FF30}.Debug|Any CPU.Build.0 = Debug|Any CPU
		{8DEFFE09-0027-4670-AB29-64A99149FF30}.Release|Any CPU.ActiveCfg = Release|Any CPU
		{8DEFFE09-0027-4670-AB29-64A99149FF30}.Release|Any CPU.Build.0 = Release|Any CPU
		{F5D18D49-EBB1-4793-B677-79B345F118A5}.Debug|Any CPU.ActiveCfg = Debug|Any CPU
		{F5D18D49-EBB1-4793-B677-79B345F118A5}.Debug|Any CPU.Build.0 = Debug|Any CPU
		{F5D18D49-EBB1-4793-B677-79B345F118A5}.Release|Any CPU.ActiveCfg = Release|Any CPU
		{F5D18D49-EBB1-4793-B677-79B345F118A5}.Release|Any CPU.Build.0 = Release|Any CPU
		{5380EC50-F21A-4608-A84D-8A8A887822CC}.Debug|Any CPU.ActiveCfg = Debug|Any CPU
		{5380EC50-F21A-4608-A84D-8A8A887822CC}.Debug|Any CPU.Build.0 = Debug|Any CPU
		{5380EC50-F21A-4608-A84D-8A8A887822CC}.Release|Any CPU.ActiveCfg = Release|Any CPU
		{5380EC50-F21A-4608-A84D-8A8A887822CC}.Release|Any CPU.Build.0 = Release|Any CPU
		{F72B3EF2-B845-47A7-A2AA-41A89A728FAD}.Debug|Any CPU.ActiveCfg = Debug|Any CPU
		{F72B3EF2-B845-47A7-A2AA-41A89A728FAD}.Debug|Any CPU.Build.0 = Debug|Any CPU
		{F72B3EF2-B845-47A7-A2AA-41A89A728FAD}.Release|Any CPU.ActiveCfg = Release|Any CPU
		{F72B3EF2-B845-47A7-A2AA-41A89A728FAD}.Release|Any CPU.Build.0 = Release|Any CPU
		{BE6B2C8A-9989-462B-8E89-4FBC6BA83162}.Debug|Any CPU.ActiveCfg = Debug|Any CPU
		{BE6B2C8A-9989-462B-8E89-4FBC6BA83162}.Debug|Any CPU.Build.0 = Debug|Any CPU
		{BE6B2C8A-9989-462B-8E89-4FBC6BA83162}.Release|Any CPU.ActiveCfg = Release|Any CPU
		{BE6B2C8A-9989-462B-8E89-4FBC6BA83162}.Release|Any CPU.Build.0 = Release|Any CPU
		{0579FF26-8DAC-4581-B538-084C9A8F43F7}.Debug|Any CPU.ActiveCfg = Debug|Any CPU
		{0579FF26-8DAC-4581-B538-084C9A8F43F7}.Debug|Any CPU.Build.0 = Debug|Any CPU
		{0579FF26-8DAC-4581-B538-084C9A8F43F7}.Release|Any CPU.ActiveCfg = Release|Any CPU
		{0579FF26-8DAC-4581-B538-084C9A8F43F7}.Release|Any CPU.Build.0 = Release|Any CPU
		{886D6D3A-759F-4119-A961-6E7141AD61D2}.Debug|Any CPU.ActiveCfg = Debug|Any CPU
		{886D6D3A-759F-4119-A961-6E7141AD61D2}.Debug|Any CPU.Build.0 = Debug|Any CPU
		{886D6D3A-759F-4119-A961-6E7141AD61D2}.Release|Any CPU.ActiveCfg = Release|Any CPU
		{886D6D3A-759F-4119-A961-6E7141AD61D2}.Release|Any CPU.Build.0 = Release|Any CPU
		{29871DA2-F1D2-4517-91AA-346EE8734ED3}.Debug|Any CPU.ActiveCfg = Debug|Any CPU
		{29871DA2-F1D2-4517-91AA-346EE8734ED3}.Debug|Any CPU.Build.0 = Debug|Any CPU
		{29871DA2-F1D2-4517-91AA-346EE8734ED3}.Release|Any CPU.ActiveCfg = Release|Any CPU
		{29871DA2-F1D2-4517-91AA-346EE8734ED3}.Release|Any CPU.Build.0 = Release|Any CPU
		{6A968188-4A00-486E-B186-A6A9C1BDB0F8}.Debug|Any CPU.ActiveCfg = Debug|Any CPU
		{6A968188-4A00-486E-B186-A6A9C1BDB0F8}.Debug|Any CPU.Build.0 = Debug|Any CPU
		{6A968188-4A00-486E-B186-A6A9C1BDB0F8}.Release|Any CPU.ActiveCfg = Release|Any CPU
		{6A968188-4A00-486E-B186-A6A9C1BDB0F8}.Release|Any CPU.Build.0 = Release|Any CPU
		{AE8A72ED-1600-4BA6-8791-6C4690C8DDE4}.Debug|Any CPU.ActiveCfg = Debug|Any CPU
		{AE8A72ED-1600-4BA6-8791-6C4690C8DDE4}.Debug|Any CPU.Build.0 = Debug|Any CPU
		{AE8A72ED-1600-4BA6-8791-6C4690C8DDE4}.Release|Any CPU.ActiveCfg = Release|Any CPU
		{AE8A72ED-1600-4BA6-8791-6C4690C8DDE4}.Release|Any CPU.Build.0 = Release|Any CPU
		{0D8BEFCE-8BE0-4BE0-A723-44F4A07EA74C}.Debug|Any CPU.ActiveCfg = Debug|Any CPU
		{0D8BEFCE-8BE0-4BE0-A723-44F4A07EA74C}.Debug|Any CPU.Build.0 = Debug|Any CPU
		{0D8BEFCE-8BE0-4BE0-A723-44F4A07EA74C}.Release|Any CPU.ActiveCfg = Release|Any CPU
		{0D8BEFCE-8BE0-4BE0-A723-44F4A07EA74C}.Release|Any CPU.Build.0 = Release|Any CPU
		{A0B98727-742F-4EEA-89D5-F9DDF97A94FB}.Debug|Any CPU.ActiveCfg = Debug|Any CPU
		{A0B98727-742F-4EEA-89D5-F9DDF97A94FB}.Debug|Any CPU.Build.0 = Debug|Any CPU
		{A0B98727-742F-4EEA-89D5-F9DDF97A94FB}.Release|Any CPU.ActiveCfg = Release|Any CPU
		{A0B98727-742F-4EEA-89D5-F9DDF97A94FB}.Release|Any CPU.Build.0 = Release|Any CPU
		{D7557444-D1AD-4017-9D2E-10876A6356F1}.Debug|Any CPU.ActiveCfg = Debug|Any CPU
		{D7557444-D1AD-4017-9D2E-10876A6356F1}.Debug|Any CPU.Build.0 = Debug|Any CPU
		{D7557444-D1AD-4017-9D2E-10876A6356F1}.Release|Any CPU.ActiveCfg = Release|Any CPU
		{D7557444-D1AD-4017-9D2E-10876A6356F1}.Release|Any CPU.Build.0 = Release|Any CPU
		{65BA25A2-F3B6-4F49-A1B3-96AEB22A167E}.Debug|Any CPU.ActiveCfg = Debug|Any CPU
		{65BA25A2-F3B6-4F49-A1B3-96AEB22A167E}.Debug|Any CPU.Build.0 = Debug|Any CPU
		{65BA25A2-F3B6-4F49-A1B3-96AEB22A167E}.Release|Any CPU.ActiveCfg = Release|Any CPU
		{65BA25A2-F3B6-4F49-A1B3-96AEB22A167E}.Release|Any CPU.Build.0 = Release|Any CPU
		{71535963-3BFF-4F28-BB1D-030B9BA11BF5}.Debug|Any CPU.ActiveCfg = Debug|Any CPU
		{71535963-3BFF-4F28-BB1D-030B9BA11BF5}.Debug|Any CPU.Build.0 = Debug|Any CPU
		{71535963-3BFF-4F28-BB1D-030B9BA11BF5}.Release|Any CPU.ActiveCfg = Release|Any CPU
		{71535963-3BFF-4F28-BB1D-030B9BA11BF5}.Release|Any CPU.Build.0 = Release|Any CPU
		{F59A2F97-8674-4DD4-B509-73AD37910F06}.Debug|Any CPU.ActiveCfg = Debug|Any CPU
		{F59A2F97-8674-4DD4-B509-73AD37910F06}.Debug|Any CPU.Build.0 = Debug|Any CPU
		{F59A2F97-8674-4DD4-B509-73AD37910F06}.Release|Any CPU.ActiveCfg = Release|Any CPU
		{F59A2F97-8674-4DD4-B509-73AD37910F06}.Release|Any CPU.Build.0 = Release|Any CPU
		{5EB4836F-2A2E-4274-8640-DA6B234DF43E}.Debug|Any CPU.ActiveCfg = Debug|Any CPU
		{5EB4836F-2A2E-4274-8640-DA6B234DF43E}.Debug|Any CPU.Build.0 = Debug|Any CPU
		{5EB4836F-2A2E-4274-8640-DA6B234DF43E}.Release|Any CPU.ActiveCfg = Release|Any CPU
		{5EB4836F-2A2E-4274-8640-DA6B234DF43E}.Release|Any CPU.Build.0 = Release|Any CPU
	EndGlobalSection
	GlobalSection(SolutionProperties) = preSolution
		HideSolutionNode = FALSE
	EndGlobalSection
	GlobalSection(NestedProjects) = preSolution
		{44D4C702-D10D-4D6B-865B-45FA434244D0} = {4B0B2507-D100-4E38-9689-D5102BB48B7D}
		{68281388-5192-4154-8EC3-7FC343C04C6D} = {4B0B2507-D100-4E38-9689-D5102BB48B7D}
		{8A337E81-FEA7-424C-819D-B2B69BEA043D} = {4B0B2507-D100-4E38-9689-D5102BB48B7D}
		{95D962E1-3495-4B9F-9816-8E135AC6EE0E} = {4B0B2507-D100-4E38-9689-D5102BB48B7D}
		{BF0107F7-65AD-44A5-9CCB-F5FEFAD05319} = {B6BC5F15-AF43-4BBA-9895-BB4D0FFE762A}
		{0DB9857D-5AAA-419A-ACE8-F442BE8E1D52} = {B6BC5F15-AF43-4BBA-9895-BB4D0FFE762A}
		{8DEFFE09-0027-4670-AB29-64A99149FF30} = {B6BC5F15-AF43-4BBA-9895-BB4D0FFE762A}
		{F5D18D49-EBB1-4793-B677-79B345F118A5} = {B6BC5F15-AF43-4BBA-9895-BB4D0FFE762A}
		{5380EC50-F21A-4608-A84D-8A8A887822CC} = {B6BC5F15-AF43-4BBA-9895-BB4D0FFE762A}
		{F72B3EF2-B845-47A7-A2AA-41A89A728FAD} = {B6BC5F15-AF43-4BBA-9895-BB4D0FFE762A}
		{BE6B2C8A-9989-462B-8E89-4FBC6BA83162} = {A7DE4C4B-F19D-4161-9521-47FBAC53FC22}
		{0579FF26-8DAC-4581-B538-084C9A8F43F7} = {A7DE4C4B-F19D-4161-9521-47FBAC53FC22}
		{886D6D3A-759F-4119-A961-6E7141AD61D2} = {A7DE4C4B-F19D-4161-9521-47FBAC53FC22}
		{29871DA2-F1D2-4517-91AA-346EE8734ED3} = {A7DE4C4B-F19D-4161-9521-47FBAC53FC22}
		{6A968188-4A00-486E-B186-A6A9C1BDB0F8} = {A7DE4C4B-F19D-4161-9521-47FBAC53FC22}
		{AE8A72ED-1600-4BA6-8791-6C4690C8DDE4} = {A7DE4C4B-F19D-4161-9521-47FBAC53FC22}
		{0D8BEFCE-8BE0-4BE0-A723-44F4A07EA74C} = {A7DE4C4B-F19D-4161-9521-47FBAC53FC22}
		{A0B98727-742F-4EEA-89D5-F9DDF97A94FB} = {110B98CC-56E8-4DC8-BA54-9B0B14364296}
		{D7557444-D1AD-4017-9D2E-10876A6356F1} = {110B98CC-56E8-4DC8-BA54-9B0B14364296}
		{65BA25A2-F3B6-4F49-A1B3-96AEB22A167E} = {110B98CC-56E8-4DC8-BA54-9B0B14364296}
		{71535963-3BFF-4F28-BB1D-030B9BA11BF5} = {110B98CC-56E8-4DC8-BA54-9B0B14364296}
		{F59A2F97-8674-4DD4-B509-73AD37910F06} = {D09624EF-FF72-4C96-BDA5-7C79EC25AD68}
		{5EB4836F-2A2E-4274-8640-DA6B234DF43E} = {D09624EF-FF72-4C96-BDA5-7C79EC25AD68}
	EndGlobalSection
	GlobalSection(ExtensibilityGlobals) = postSolution
		SolutionGuid = {4218E47D-0231-4E1A-9472-E1FCC2692C1D}
	EndGlobalSection
EndGlobal
