
Microsoft Visual Studio Solution File, Format Version 12.00
# Visual Studio 15
VisualStudioVersion = 15.0.28307.168
MinimumVisualStudioVersion = 10.0.40219.1
Project("{FAE04EC0-301F-11D3-BF4B-00C04F79EFBC}") = "01. Students Ordering - Before", "01. Students Ordering - Before\01. Students Ordering - Before.csproj", "{BFABCC6D-CD91-4D0F-972D-DAF1F7A98065}"
EndProject
Project("{FAE04EC0-301F-11D3-BF4B-00C04F79EFBC}") = "01. Students Ordering - After", "01. Students Ordering - After\01. Students Ordering - After.csproj", "{0BFE507F-3C8D-4A10-9B3E-A27BE896B4D1}"
EndProject
Global
	GlobalSection(SolutionConfigurationPlatforms) = preSolution
		Debug|Any CPU = Debug|Any CPU
		Release|Any CPU = Release|Any CPU
	EndGlobalSection
	GlobalSection(ProjectConfigurationPlatforms) = postSolution
		{BFABCC6D-CD91-4D0F-972D-DAF1F7A98065}.Debug|Any CPU.ActiveCfg = Debug|Any CPU
		{BFABCC6D-CD91-4D0F-972D-DAF1F7A98065}.Debug|Any CPU.Build.0 = Debug|Any CPU
		{BFABCC6D-CD91-4D0F-972D-DAF1F7A98065}.Release|Any CPU.ActiveCfg = Release|Any CPU
		{BFABCC6D-CD91-4D0F-972D-DAF1F7A98065}.Release|Any CPU.Build.0 = Release|Any CPU
		{0BFE507F-3C8D-4A10-9B3E-A27BE896B4D1}.Debug|Any CPU.ActiveCfg = Debug|Any CPU
		{0BFE507F-3C8D-4A10-9B3E-A27BE896B4D1}.Debug|Any CPU.Build.0 = Debug|Any CPU
		{0BFE507F-3C8D-4A10-9B3E-A27BE896B4D1}.Release|Any CPU.ActiveCfg = Release|Any CPU
		{0BFE507F-3C8D-4A10-9B3E-A27BE896B4D1}.Release|Any CPU.Build.0 = Release|Any CPU
	EndGlobalSection
	GlobalSection(SolutionProperties) = preSolution
		HideSolutionNode = FALSE
	EndGlobalSection
	GlobalSection(ExtensibilityGlobals) = postSolution
		SolutionGuid = {C9942720-AC3D-4B61-AF1D-8E39DF445221}
	EndGlobalSection
EndGlobal
